
Microsoft Visual Studio Solution File, Format Version 12.00
# Visual Studio 2013
VisualStudioVersion = 12.0.20827.3
MinimumVisualStudioVersion = 10.0.40219.1
Project("{FAE04EC0-301F-11D3-BF4B-00C04F79EFBC}") = "Exam.Mvc", "Exam.Mvc\Exam.Mvc.csproj", "{B3C193CF-F1B1-4ADA-BD4A-876132F379EB}"
EndProject
Project("{FAE04EC0-301F-11D3-BF4B-00C04F79EFBC}") = "Exam.Models", "Exam.Models\Exam.Models.csproj", "{C3F6FD69-0DCB-4C0D-A649-F6D98FDDD583}"
EndProject
Project("{FAE04EC0-301F-11D3-BF4B-00C04F79EFBC}") = "Exam.Data", "Exam.Data\Exam.Data.csproj", "{D70AC8C8-4F1C-430A-9BC9-33820FBD9A26}"
EndProject
Global
	GlobalSection(TeamFoundationVersionControl) = preSolution
		SccNumberOfProjects = 4
		SccEnterpriseProvider = {4CA58AB2-18FA-4F8D-95D4-32DDF27D184C}
		SccTeamFoundationServer = https://paolo23.visualstudio.com/defaultcollection
		SccLocalPath0 = .
		SccProjectUniqueName1 = Exam.Mvc\\Exam.Mvc.csproj
		SccProjectName1 = Exam.Mvc
		SccLocalPath1 = Exam.Mvc
		SccProjectUniqueName2 = Exam.Models\\Exam.Models.csproj
		SccProjectName2 = Exam.Models
		SccLocalPath2 = Exam.Models
		SccProjectUniqueName3 = Exam.Data\\Exam.Data.csproj
		SccProjectName3 = Exam.Data
		SccLocalPath3 = Exam.Data
	EndGlobalSection
	GlobalSection(SolutionConfigurationPlatforms) = preSolution
		Debug|Any CPU = Debug|Any CPU
		Release|Any CPU = Release|Any CPU
	EndGlobalSection
	GlobalSection(ProjectConfigurationPlatforms) = postSolution
		{B3C193CF-F1B1-4ADA-BD4A-876132F379EB}.Debug|Any CPU.ActiveCfg = Debug|Any CPU
		{B3C193CF-F1B1-4ADA-BD4A-876132F379EB}.Debug|Any CPU.Build.0 = Debug|Any CPU
		{B3C193CF-F1B1-4ADA-BD4A-876132F379EB}.Release|Any CPU.ActiveCfg = Release|Any CPU
		{B3C193CF-F1B1-4ADA-BD4A-876132F379EB}.Release|Any CPU.Build.0 = Release|Any CPU
		{C3F6FD69-0DCB-4C0D-A649-F6D98FDDD583}.Debug|Any CPU.ActiveCfg = Debug|Any CPU
		{C3F6FD69-0DCB-4C0D-A649-F6D98FDDD583}.Debug|Any CPU.Build.0 = Debug|Any CPU
		{C3F6FD69-0DCB-4C0D-A649-F6D98FDDD583}.Release|Any CPU.ActiveCfg = Release|Any CPU
		{C3F6FD69-0DCB-4C0D-A649-F6D98FDDD583}.Release|Any CPU.Build.0 = Release|Any CPU
		{D70AC8C8-4F1C-430A-9BC9-33820FBD9A26}.Debug|Any CPU.ActiveCfg = Debug|Any CPU
		{D70AC8C8-4F1C-430A-9BC9-33820FBD9A26}.Debug|Any CPU.Build.0 = Debug|Any CPU
		{D70AC8C8-4F1C-430A-9BC9-33820FBD9A26}.Release|Any CPU.ActiveCfg = Release|Any CPU
		{D70AC8C8-4F1C-430A-9BC9-33820FBD9A26}.Release|Any CPU.Build.0 = Release|Any CPU
	EndGlobalSection
	GlobalSection(SolutionProperties) = preSolution
		HideSolutionNode = FALSE
	EndGlobalSection
EndGlobal
